PODS:
  - CaseIterable (0.5.0)
  - DeviceKit (3.0.0)

DEPENDENCIES:
  - CaseIterable (from `../`)
  - DeviceKit

SPEC REPOS:
  trunk:
    - DeviceKit

EXTERNAL SOURCES:
  CaseIterable:
    :path: "../"

SPEC CHECKSUMS:
  CaseIterable: 7f9f72a8287661975912d63a67b6cb324c69111a
  DeviceKit: fc3c2bd361a8d68d8a91eb715e453aede57317e5

PODFILE CHECKSUM: 500386336869c77d05cf3b2521785612c4f44d1c

COCOAPODS: 1.9.0
