PODS:
  - CaseIterable (0.7.0)
  - DeviceKit (3.0.0)

DEPENDENCIES:
  - CaseIterable (from `../`)
  - DeviceKit

SPEC REPOS:
  trunk:
    - DeviceKit

EXTERNAL SOURCES:
  CaseIterable:
    :path: "../"

SPEC CHECKSUMS:
  CaseIterable: 8d97bdec3a741277301631203add7763e0080fb3
  DeviceKit: fc3c2bd361a8d68d8a91eb715e453aede57317e5

PODFILE CHECKSUM: 93b8d3c45bf87d0d35bfac85dfe88b8905ce2e2c

COCOAPODS: 1.10.0
